
Microsoft Visual Studio Solution File, Format Version 12.00
# Visual Studio 15
Project("{FAE04EC0-301F-11D3-BF4B-00C04F79EFBC}") = "Assembly-CSharp", "Assembly-CSharp.csproj", "{F906FDF3-EF67-0957-6231-268B3381FF44}"
EndProject
Project("{FAE04EC0-301F-11D3-BF4B-00C04F79EFBC}") = "Assembly-CSharp-Editor", "Assembly-CSharp-Editor.csproj", "{C98FB010-34B8-8BA3-DC5B-6E636363721B}"
EndProject
Global
	GlobalSection(SolutionConfigurationPlatforms) = preSolution
		Debug|Any CPU = Debug|Any CPU
		Release|Any CPU = Release|Any CPU
	EndGlobalSection
	GlobalSection(ProjectConfigurationPlatforms) = postSolution
		{F906FDF3-EF67-0957-6231-268B3381FF44}.Debug|Any CPU.ActiveCfg = Debug|Any CPU
		{F906FDF3-EF67-0957-6231-268B3381FF44}.Debug|Any CPU.Build.0 = Debug|Any CPU
		{F906FDF3-EF67-0957-6231-268B3381FF44}.Release|Any CPU.ActiveCfg = Release|Any CPU
		{F906FDF3-EF67-0957-6231-268B3381FF44}.Release|Any CPU.Build.0 = Release|Any CPU
		{C98FB010-34B8-8BA3-DC5B-6E636363721B}.Debug|Any CPU.ActiveCfg = Debug|Any CPU
		{C98FB010-34B8-8BA3-DC5B-6E636363721B}.Debug|Any CPU.Build.0 = Debug|Any CPU
		{C98FB010-34B8-8BA3-DC5B-6E636363721B}.Release|Any CPU.ActiveCfg = Release|Any CPU
		{C98FB010-34B8-8BA3-DC5B-6E636363721B}.Release|Any CPU.Build.0 = Release|Any CPU
	EndGlobalSection
	GlobalSection(SolutionProperties) = preSolution
		HideSolutionNode = FALSE
	EndGlobalSection
EndGlobal
